{
  "name": "refresh-dns-with-google-domains-testsuite",
  "version": "0.0.5",
  "lockfileVersion": 3,
  "requires": true,
  "packages": {
    "": {
      "name": "refresh-dns-with-google-domains-testsuite",
      "version": "0.0.5",
      "license": "ISC",
      "dependencies": {
        "refresh-dns-with-google-domains": "^0.0.5"
      }
    },
    "node_modules/refresh-dns-with-google-domains": {
      "version": "0.0.5",
      "resolved": "https://registry.npmjs.org/refresh-dns-with-google-domains/-/refresh-dns-with-google-domains-0.0.5.tgz",
      "integrity": "sha512-P3s1UlAXksZRcEhIWQ0C9VTVksBCEICXPZSgLl1Rf65g5t0sT3hX7H242b/XotemlpPkIPqJsZwiaAb/VXBb4g=="
    }
  }
}
