{
  "name": "refresh-dns-with-google-domains",
  "version": "0.0.2",
  "lockfileVersion": 3,
  "requires": true,
  "packages": {
    "": {
      "name": "refresh-dns-with-google-domains",
      "version": "0.0.2",
      "license": "ISC",
      "dependencies": {
        "refresh-dns-with-google-domains": "^0.0.1"
      }
    },
    "node_modules/refresh-dns-with-google-domains": {
      "version": "0.0.1",
      "resolved": "https://registry.npmjs.org/refresh-dns-with-google-domains/-/refresh-dns-with-google-domains-0.0.1.tgz",
      "integrity": "sha512-95w9mXYkx6qoLrzjX26RBy/eJz9tIaoIZlwVFdDm4u1VqRr9fFaIhRraKt3dzyeRNo8Bm5K3JDD01LSkgnwLBQ=="
    }
  }
}
